<?xml version="1.0" encoding="utf-8"?>
<Project ToolsVersion="4.0" xmlns="http://schemas.microsoft.com/developer/msbuild/2003">
  <ItemGroup>
    <Filter Include="Fichiers sources">
      <UniqueIdentifier>{4FC737F1-C7A5-4376-A066-2A32D752A2FF}</UniqueIdentifier>
      <Extensions>cpp;c;cc;cxx;c++;cppm;ixx;def;odl;idl;hpj;bat;asm;asmx</Extensions>
    </Filter>
    <Filter Include="Fichiers d%27en-tête">
      <UniqueIdentifier>{93995380-89BD-4b04-88EB-625FBE52EBFB}</UniqueIdentifier>
      <Extensions>h;hh;hpp;hxx;h++;hm;inl;inc;ipp;xsd</Extensions>
    </Filter>
    <Filter Include="Fichiers de ressources">
      <UniqueIdentifier>{67DA6AB6-F800-4c08-8B7A-83BB121AAD01}</UniqueIdentifier>
      <Extensions>rc;ico;cur;bmp;dlg;rc2;rct;bin;rgs;gif;jpg;jpeg;jpe;resx;tiff;tif;png;wav;mfcribbon-ms</Extensions>
    </Filter>
  </ItemGroup>
  <ItemGroup>
    <ClInclude Include="include\scrat\dlconfig.h">
      <Filter>Fichiers d%27en-tête</Filter>
    </ClInclude>
    <ClInclude Include="include\scrat\object.h">
      <Filter>Fichiers d%27en-tête</Filter>
    </ClInclude>
    <ClInclude Include="include\scrat\stracc.h">
      <Filter>Fichiers d%27en-tête</Filter>
    </ClInclude>
    <ClInclude Include="include\scrat\encodings\textattr.h">
      <Filter>Fichiers d%27en-tête</Filter>
    </ClInclude>
    <ClInclude Include="include\scrat\rem.h">
      <Filter>Fichiers d%27en-tête</Filter>
    </ClInclude>
    <ClInclude Include="include\scrat\result.h">
      <Filter>Fichiers d%27en-tête</Filter>
    </ClInclude>
    <ClInclude Include="include\scrat\cmdargs.h">
      <Filter>Fichiers d%27en-tête</Filter>
    </ClInclude>
    <ClInclude Include="include\scrat\geometry.h">
      <Filter>Fichiers d%27en-tête</Filter>
    </ClInclude>
    <ClInclude Include="include\scrat\geometry">
      <Filter>Fichiers d%27en-tête</Filter>
    </ClInclude>
    <ClInclude Include="include\scrat\encodings\fmtio.h">
      <Filter>Fichiers d%27en-tête</Filter>
    </ClInclude>
    <ClInclude Include="include\scrat\accents.fr.h">
      <Filter>Fichiers d%27en-tête</Filter>
    </ClInclude>
    <ClInclude Include="include\scrat\Icons.h">
      <Filter>Fichiers d%27en-tête</Filter>
    </ClInclude>
    <ClInclude Include="include\scrat\interpret\alu.h">
      <Filter>Fichiers d%27en-tête</Filter>
    </ClInclude>
    <ClInclude Include="include\scrat\interpret\bloc.h">
      <Filter>Fichiers d%27en-tête</Filter>
    </ClInclude>
    <ClInclude Include="include\scrat\interpret\interpret.h">
      <Filter>Fichiers d%27en-tête</Filter>
    </ClInclude>
    <ClInclude Include="include\scrat\interpret\segment.h">
      <Filter>Fichiers d%27en-tête</Filter>
    </ClInclude>
    <ClInclude Include="include\scrat\interpret\variable.h">
      <Filter>Fichiers d%27en-tête</Filter>
    </ClInclude>
    <ClInclude Include="include\scrat\interpret\xio.h">
      <Filter>Fichiers d%27en-tête</Filter>
    </ClInclude>
    <ClInclude Include="include\scrat\lexer\lexer.h">
      <Filter>Fichiers d%27en-tête</Filter>
    </ClInclude>
    <ClInclude Include="include\scrat\lexer\lexer_color.h">
      <Filter>Fichiers d%27en-tête</Filter>
    </ClInclude>
    <ClInclude Include="include\scrat\lexer\tokendata.h">
      <Filter>Fichiers d%27en-tête</Filter>
    </ClInclude>
    <ClInclude Include="include\scrat\lexer\types.h">
      <Filter>Fichiers d%27en-tête</Filter>
    </ClInclude>
    <ClInclude Include="include\scrat\text.h">
      <Filter>Fichiers d%27en-tête</Filter>
    </ClInclude>
    <ClInclude Include="include\scrat\textattr.h">
      <Filter>Fichiers d%27en-tête</Filter>
    </ClInclude>
  </ItemGroup>
  <ItemGroup>
    <ClCompile Include="cxx\object.cxx">
      <Filter>Fichiers sources</Filter>
    </ClCompile>
    <ClCompile Include="cxx\stracc.cxx">
      <Filter>Fichiers sources</Filter>
    </ClCompile>
    <ClCompile Include="cxx\rem.cxx">
      <Filter>Fichiers sources</Filter>
    </ClCompile>
    <ClCompile Include="cxx\geometry.cxx">
      <Filter>Fichiers sources</Filter>
    </ClCompile>
    <ClCompile Include="cxx\Icons.cxx">
      <Filter>Fichiers sources</Filter>
    </ClCompile>
    <ClCompile Include="cxx\accents.fr.cxx">
      <Filter>Fichiers sources</Filter>
    </ClCompile>
    <ClCompile Include="cxx\interpret\alu.cxx">
      <Filter>Fichiers sources</Filter>
    </ClCompile>
    <ClCompile Include="cxx\interpret\bloc.cxx">
      <Filter>Fichiers sources</Filter>
    </ClCompile>
    <ClCompile Include="cxx\interpret\interpret.cxx">
      <Filter>Fichiers sources</Filter>
    </ClCompile>
    <ClCompile Include="cxx\interpret\segment.cxx">
      <Filter>Fichiers sources</Filter>
    </ClCompile>
    <ClCompile Include="cxx\interpret\variable.cxx">
      <Filter>Fichiers sources</Filter>
    </ClCompile>
    <ClCompile Include="cxx\interpret\xio.cxx">
      <Filter>Fichiers sources</Filter>
    </ClCompile>
    <ClCompile Include="cxx\interpret\compiler\compiler.cxx">
      <Filter>Fichiers sources</Filter>
    </ClCompile>
    <ClCompile Include="cxx\interpret\compiler\grammar.cxx">
      <Filter>Fichiers sources</Filter>
    </ClCompile>
    <ClCompile Include="cxx\lexer\lexer.cxx">
      <Filter>Fichiers sources</Filter>
    </ClCompile>
    <ClCompile Include="cxx\lexer\lexer_color.cxx">
      <Filter>Fichiers sources</Filter>
    </ClCompile>
    <ClCompile Include="cxx\lexer\tokendata.cxx">
      <Filter>Fichiers sources</Filter>
    </ClCompile>
    <ClCompile Include="cxx\lexer\types.cxx">
      <Filter>Fichiers sources</Filter>
    </ClCompile>
    <ClCompile Include="cxx\text.cxx">
      <Filter>Fichiers sources</Filter>
    </ClCompile>
    <ClCompile Include="cxx\textattr.cxx">
      <Filter>Fichiers sources</Filter>
    </ClCompile>
  </ItemGroup>
  <ItemGroup>
    <None Include="include\scrat\object" />
    <None Include="Res\update-target.ps1" />
    <None Include="include\scrat\stracc" />
    <None Include="include\scrat\textattr" />
    <None Include="include\scrat\result" />
    <None Include="include\scrat\rem" />
    <None Include="include\scrat\cmdargs" />
    <None Include="include\scrat\text" />
  </ItemGroup>
</Project>